// !$*UTF8*$!
{
	archiveVersion = 1;
	classes = {
	};
	objectVersion = 46;
	objects = {

/* Begin PBXBuildFile section */
		9C35A2441D2E8C420002C2FB /* PlanEditorViewController.swift in Sources */ = {isa = PBXBuildFile; fileRef = 9C35A2431D2E8C420002C2FB /* PlanEditorViewController.swift */; };
		9C95868D1D2878E600FE5873 /* ClockTools.swift in Sources */ = {isa = PBXBuildFile; fileRef = 9C95868C1D2878E600FE5873 /* ClockTools.swift */; };
		9CBAB7E61D2DC3FB007716E7 /* MenuBarView.swift in Sources */ = {isa = PBXBuildFile; fileRef = 9CBAB7E51D2DC3FB007716E7 /* MenuBarView.swift */; };
		9CBAB7E81D2DC4C3007716E7 /* PlanListViewController.swift in Sources */ = {isa = PBXBuildFile; fileRef = 9CBAB7E71D2DC4C3007716E7 /* PlanListViewController.swift */; };
		9CBAB7EA1D2DC554007716E7 /* MenuViewController.swift in Sources */ = {isa = PBXBuildFile; fileRef = 9CBAB7E91D2DC554007716E7 /* MenuViewController.swift */; };
		9CBAB7EC1D2DC6D4007716E7 /* AppTint.swift in Sources */ = {isa = PBXBuildFile; fileRef = 9CBAB7EB1D2DC6D4007716E7 /* AppTint.swift */; };
		B13065B91D2DFDCD00CCFE0E /* PlanListCell.swift in Sources */ = {isa = PBXBuildFile; fileRef = B13065B81D2DFDCD00CCFE0E /* PlanListCell.swift */; };
		B13065BB1D2E008F00CCFE0E /* LayerDrawer.swift in Sources */ = {isa = PBXBuildFile; fileRef = B13065BA1D2E008F00CCFE0E /* LayerDrawer.swift */; };
		B1DBA9721D27BF58006BD6DC /* AppDelegate.swift in Sources */ = {isa = PBXBuildFile; fileRef = B1DBA9711D27BF58006BD6DC /* AppDelegate.swift */; };
		B1DBA9771D27BF58006BD6DC /* Main.storyboard in Resources */ = {isa = PBXBuildFile; fileRef = B1DBA9751D27BF58006BD6DC /* Main.storyboard */; };
		B1DBA97A1D27BF58006BD6DC /* TimeLog.xcdatamodeld in Sources */ = {isa = PBXBuildFile; fileRef = B1DBA9781D27BF58006BD6DC /* TimeLog.xcdatamodeld */; };
		B1DBA97C1D27BF58006BD6DC /* Assets.xcassets in Resources */ = {isa = PBXBuildFile; fileRef = B1DBA97B1D27BF58006BD6DC /* Assets.xcassets */; };
		B1DBA97F1D27BF58006BD6DC /* LaunchScreen.storyboard in Resources */ = {isa = PBXBuildFile; fileRef = B1DBA97D1D27BF58006BD6DC /* LaunchScreen.storyboard */; };
		B1DBA9AD1D27BFF8006BD6DC /* AppData.swift in Sources */ = {isa = PBXBuildFile; fileRef = B1DBA99E1D27BFF8006BD6DC /* AppData.swift */; };
		B1DBA9AE1D27BFF8006BD6DC /* InitDatas.swift in Sources */ = {isa = PBXBuildFile; fileRef = B1DBA99F1D27BFF8006BD6DC /* InitDatas.swift */; };
		B1DBA9B31D27BFF8006BD6DC /* CoreData.swift in Sources */ = {isa = PBXBuildFile; fileRef = B1DBA9AC1D27BFF8006BD6DC /* CoreData.swift */; };
		B1DBA9BA1D27C105006BD6DC /* Logs+CoreDataProperties.swift in Sources */ = {isa = PBXBuildFile; fileRef = B1DBA9B61D27C105006BD6DC /* Logs+CoreDataProperties.swift */; };
		B1DBA9BB1D27C105006BD6DC /* Logs.swift in Sources */ = {isa = PBXBuildFile; fileRef = B1DBA9B71D27C105006BD6DC /* Logs.swift */; };
		B1DBA9BC1D27C105006BD6DC /* Plans+CoreDataProperties.swift in Sources */ = {isa = PBXBuildFile; fileRef = B1DBA9B81D27C105006BD6DC /* Plans+CoreDataProperties.swift */; };
		B1DBA9BD1D27C105006BD6DC /* Plans.swift in Sources */ = {isa = PBXBuildFile; fileRef = B1DBA9B91D27C105006BD6DC /* Plans.swift */; };
/* End PBXBuildFile section */

/* Begin PBXFileReference section */
		9C35A2431D2E8C420002C2FB /* PlanEditorViewController.swift */ = {isa = PBXFileReference; fileEncoding = 4; lastKnownFileType = sourcecode.swift; path = PlanEditorViewController.swift; sourceTree = "<group>"; };
		9C95868C1D2878E600FE5873 /* ClockTools.swift */ = {isa = PBXFileReference; fileEncoding = 4; lastKnownFileType = sourcecode.swift; path = ClockTools.swift; sourceTree = "<group>"; };
		9CBAB7E51D2DC3FB007716E7 /* MenuBarView.swift */ = {isa = PBXFileReference; fileEncoding = 4; lastKnownFileType = sourcecode.swift; path = MenuBarView.swift; sourceTree = "<group>"; };
		9CBAB7E71D2DC4C3007716E7 /* PlanListViewController.swift */ = {isa = PBXFileReference; fileEncoding = 4; lastKnownFileType = sourcecode.swift; path = PlanListViewController.swift; sourceTree = "<group>"; };
		9CBAB7E91D2DC554007716E7 /* MenuViewController.swift */ = {isa = PBXFileReference; fileEncoding = 4; lastKnownFileType = sourcecode.swift; path = MenuViewController.swift; sourceTree = "<group>"; };
		9CBAB7EB1D2DC6D4007716E7 /* AppTint.swift */ = {isa = PBXFileReference; fileEncoding = 4; lastKnownFileType = sourcecode.swift; path = AppTint.swift; sourceTree = "<group>"; };
		B13065B81D2DFDCD00CCFE0E /* PlanListCell.swift */ = {isa = PBXFileReference; fileEncoding = 4; lastKnownFileType = sourcecode.swift; path = PlanListCell.swift; sourceTree = "<group>"; };
		B13065BA1D2E008F00CCFE0E /* LayerDrawer.swift */ = {isa = PBXFileReference; fileEncoding = 4; lastKnownFileType = sourcecode.swift; path = LayerDrawer.swift; sourceTree = "<group>"; };
		B1DBA96E1D27BF58006BD6DC /* TimeLog.app */ = {isa = PBXFileReference; explicitFileType = wrapper.application; includeInIndex = 0; path = TimeLog.app; sourceTree = BUILT_PRODUCTS_DIR; };
		B1DBA9711D27BF58006BD6DC /* AppDelegate.swift */ = {isa = PBXFileReference; lastKnownFileType = sourcecode.swift; path = AppDelegate.swift; sourceTree = "<group>"; };
		B1DBA9761D27BF58006BD6DC /* Base */ = {isa = PBXFileReference; lastKnownFileType = file.storyboard; name = Base; path = Base.lproj/Main.storyboard; sourceTree = "<group>"; };
		B1DBA9791D27BF58006BD6DC /* TimeLog.xcdatamodel */ = {isa = PBXFileReference; lastKnownFileType = wrapper.xcdatamodel; path = TimeLog.xcdatamodel; sourceTree = "<group>"; };
		B1DBA97B1D27BF58006BD6DC /* Assets.xcassets */ = {isa = PBXFileReference; lastKnownFileType = folder.assetcatalog; path = Assets.xcassets; sourceTree = "<group>"; };
		B1DBA97E1D27BF58006BD6DC /* Base */ = {isa = PBXFileReference; lastKnownFileType = file.storyboard; name = Base; path = Base.lproj/LaunchScreen.storyboard; sourceTree = "<group>"; };
		B1DBA9801D27BF58006BD6DC /* Info.plist */ = {isa = PBXFileReference; lastKnownFileType = text.plist.xml; path = Info.plist; sourceTree = "<group>"; };
		B1DBA99E1D27BFF8006BD6DC /* AppData.swift */ = {isa = PBXFileReference; fileEncoding = 4; lastKnownFileType = sourcecode.swift; path = AppData.swift; sourceTree = "<group>"; };
		B1DBA99F1D27BFF8006BD6DC /* InitDatas.swift */ = {isa = PBXFileReference; fileEncoding = 4; lastKnownFileType = sourcecode.swift; path = InitDatas.swift; sourceTree = "<group>"; };
		B1DBA9AC1D27BFF8006BD6DC /* CoreData.swift */ = {isa = PBXFileReference; fileEncoding = 4; lastKnownFileType = sourcecode.swift; path = CoreData.swift; sourceTree = "<group>"; };
		B1DBA9B61D27C105006BD6DC /* Logs+CoreDataProperties.swift */ = {isa = PBXFileReference; fileEncoding = 4; lastKnownFileType = sourcecode.swift; path = "Logs+CoreDataProperties.swift"; sourceTree = "<group>"; };
		B1DBA9B71D27C105006BD6DC /* Logs.swift */ = {isa = PBXFileReference; fileEncoding = 4; lastKnownFileType = sourcecode.swift; path = Logs.swift; sourceTree = "<group>"; };
		B1DBA9B81D27C105006BD6DC /* Plans+CoreDataProperties.swift */ = {isa = PBXFileReference; fileEncoding = 4; lastKnownFileType = sourcecode.swift; path = "Plans+CoreDataProperties.swift"; sourceTree = "<group>"; };
		B1DBA9B91D27C105006BD6DC /* Plans.swift */ = {isa = PBXFileReference; fileEncoding = 4; lastKnownFileType = sourcecode.swift; path = Plans.swift; sourceTree = "<group>"; };
/* End PBXFileReference section */

/* Begin PBXFrameworksBuildPhase section */
		B1DBA96B1D27BF58006BD6DC /* Frameworks */ = {
			isa = PBXFrameworksBuildPhase;
			buildActionMask = 2147483647;
			files = (
			);
			runOnlyForDeploymentPostprocessing = 0;
		};
/* End PBXFrameworksBuildPhase section */

/* Begin PBXGroup section */
		9CBAB7E41D2DC3B3007716E7 /* Menu */ = {
			isa = PBXGroup;
			children = (
				9CBAB7E91D2DC554007716E7 /* MenuViewController.swift */,
				9CBAB7E51D2DC3FB007716E7 /* MenuBarView.swift */,
			);
			path = Menu;
			sourceTree = "<group>";
		};
		B1DBA9651D27BF58006BD6DC = {
			isa = PBXGroup;
			children = (
				B1DBA9701D27BF58006BD6DC /* TimeLog */,
				B1DBA96F1D27BF58006BD6DC /* Products */,
			);
			sourceTree = "<group>";
		};
		B1DBA96F1D27BF58006BD6DC /* Products */ = {
			isa = PBXGroup;
			children = (
				B1DBA96E1D27BF58006BD6DC /* TimeLog.app */,
			);
			name = Products;
			sourceTree = "<group>";
		};
		B1DBA9701D27BF58006BD6DC /* TimeLog */ = {
			isa = PBXGroup;
			children = (
				B1DBA9B51D27C042006BD6DC /* AppDelegate */,
				B1DBA9B41D27C030006BD6DC /* Info */,
				B1DBA99D1D27BFF8006BD6DC /* Datas */,
				B1DBA9A41D27BFF8006BD6DC /* Interface */,
				B1DBA9AB1D27BFF8006BD6DC /* Tools */,
			);
			path = TimeLog;
			sourceTree = "<group>";
		};
		B1DBA99D1D27BFF8006BD6DC /* Datas */ = {
			isa = PBXGroup;
			children = (
				B1DBA99E1D27BFF8006BD6DC /* AppData.swift */,
				9CBAB7EB1D2DC6D4007716E7 /* AppTint.swift */,
				B1DBA9BF1D27C119006BD6DC /* Init Data */,
				B1DBA9BE1D27C108006BD6DC /* Database */,
			);
			path = Datas;
			sourceTree = "<group>";
		};
		B1DBA9A41D27BFF8006BD6DC /* Interface */ = {
			isa = PBXGroup;
			children = (
				9CBAB7E41D2DC3B3007716E7 /* Menu */,
				B1DBA9A91D27BFF8006BD6DC /* PlanList */,
				B1DBA9A81D27BFF8006BD6DC /* PlanEditor */,
				B1DBA9A51D27BFF8006BD6DC /* DayChart */,
				B1DBA9A61D27BFF8006BD6DC /* LogEditor */,
				B1DBA9A71D27BFF8006BD6DC /* LogList */,
				B1DBA9AA1D27BFF8006BD6DC /* Timer */,
			);
			path = Interface;
			sourceTree = "<group>";
		};
		B1DBA9A51D27BFF8006BD6DC /* DayChart */ = {
			isa = PBXGroup;
			children = (
			);
			path = DayChart;
			sourceTree = "<group>";
		};
		B1DBA9A61D27BFF8006BD6DC /* LogEditor */ = {
			isa = PBXGroup;
			children = (
			);
			path = LogEditor;
			sourceTree = "<group>";
		};
		B1DBA9A71D27BFF8006BD6DC /* LogList */ = {
			isa = PBXGroup;
			children = (
			);
			path = LogList;
			sourceTree = "<group>";
		};
		B1DBA9A81D27BFF8006BD6DC /* PlanEditor */ = {
			isa = PBXGroup;
			children = (
				9C35A2431D2E8C420002C2FB /* PlanEditorViewController.swift */,
			);
			path = PlanEditor;
			sourceTree = "<group>";
		};
		B1DBA9A91D27BFF8006BD6DC /* PlanList */ = {
			isa = PBXGroup;
			children = (
				9CBAB7E71D2DC4C3007716E7 /* PlanListViewController.swift */,
				B13065B81D2DFDCD00CCFE0E /* PlanListCell.swift */,
			);
			path = PlanList;
			sourceTree = "<group>";
		};
		B1DBA9AA1D27BFF8006BD6DC /* Timer */ = {
			isa = PBXGroup;
			children = (
			);
			path = Timer;
			sourceTree = "<group>";
		};
		B1DBA9AB1D27BFF8006BD6DC /* Tools */ = {
			isa = PBXGroup;
			children = (
				B1DBA9AC1D27BFF8006BD6DC /* CoreData.swift */,
				9C95868C1D2878E600FE5873 /* ClockTools.swift */,
				B13065BA1D2E008F00CCFE0E /* LayerDrawer.swift */,
			);
			path = Tools;
			sourceTree = "<group>";
		};
		B1DBA9B41D27C030006BD6DC /* Info */ = {
			isa = PBXGroup;
			children = (
				B1DBA9751D27BF58006BD6DC /* Main.storyboard */,
				B1DBA97B1D27BF58006BD6DC /* Assets.xcassets */,
				B1DBA97D1D27BF58006BD6DC /* LaunchScreen.storyboard */,
				B1DBA9801D27BF58006BD6DC /* Info.plist */,
				B1DBA9781D27BF58006BD6DC /* TimeLog.xcdatamodeld */,
			);
			name = Info;
			sourceTree = "<group>";
		};
		B1DBA9B51D27C042006BD6DC /* AppDelegate */ = {
			isa = PBXGroup;
			children = (
				B1DBA9711D27BF58006BD6DC /* AppDelegate.swift */,
			);
			name = AppDelegate;
			sourceTree = "<group>";
		};
		B1DBA9BE1D27C108006BD6DC /* Database */ = {
			isa = PBXGroup;
			children = (
				B1DBA9B61D27C105006BD6DC /* Logs+CoreDataProperties.swift */,
				B1DBA9B71D27C105006BD6DC /* Logs.swift */,
				B1DBA9B81D27C105006BD6DC /* Plans+CoreDataProperties.swift */,
				B1DBA9B91D27C105006BD6DC /* Plans.swift */,
			);
			name = Database;
			sourceTree = "<group>";
		};
		B1DBA9BF1D27C119006BD6DC /* Init Data */ = {
			isa = PBXGroup;
			children = (
				B1DBA99F1D27BFF8006BD6DC /* InitDatas.swift */,
			);
			name = "Init Data";
			sourceTree = "<group>";
		};
/* End PBXGroup section */

/* Begin PBXNativeTarget section */
		B1DBA96D1D27BF58006BD6DC /* TimeLog */ = {
			isa = PBXNativeTarget;
			buildConfigurationList = B1DBA9831D27BF58006BD6DC /* Build configuration list for PBXNativeTarget "TimeLog" */;
			buildPhases = (
				B1DBA96A1D27BF58006BD6DC /* Sources */,
				B1DBA96B1D27BF58006BD6DC /* Frameworks */,
				B1DBA96C1D27BF58006BD6DC /* Resources */,
			);
			buildRules = (
			);
			dependencies = (
			);
			name = TimeLog;
			productName = TimeLog;
			productReference = B1DBA96E1D27BF58006BD6DC /* TimeLog.app */;
			productType = "com.apple.product-type.application";
		};
/* End PBXNativeTarget section */

/* Begin PBXProject section */
		B1DBA9661D27BF58006BD6DC /* Project object */ = {
			isa = PBXProject;
			attributes = {
				LastSwiftUpdateCheck = 0730;
				LastUpgradeCheck = 0730;
				ORGANIZATIONNAME = Myron;
				TargetAttributes = {
					B1DBA96D1D27BF58006BD6DC = {
						CreatedOnToolsVersion = 7.3.1;
					};
				};
			};
			buildConfigurationList = B1DBA9691D27BF58006BD6DC /* Build configuration list for PBXProject "TimeLog" */;
			compatibilityVersion = "Xcode 3.2";
			developmentRegion = English;
			hasScannedForEncodings = 0;
			knownRegions = (
				en,
				Base,
			);
			mainGroup = B1DBA9651D27BF58006BD6DC;
			productRefGroup = B1DBA96F1D27BF58006BD6DC /* Products */;
			projectDirPath = "";
			projectRoot = "";
			targets = (
				B1DBA96D1D27BF58006BD6DC /* TimeLog */,
			);
		};
/* End PBXProject section */

/* Begin PBXResourcesBuildPhase section */
		B1DBA96C1D27BF58006BD6DC /* Resources */ = {
			isa = PBXResourcesBuildPhase;
			buildActionMask = 2147483647;
			files = (
				B1DBA97F1D27BF58006BD6DC /* LaunchScreen.storyboard in Resources */,
				B1DBA97C1D27BF58006BD6DC /* Assets.xcassets in Resources */,
				B1DBA9771D27BF58006BD6DC /* Main.storyboard in Resources */,
			);
			runOnlyForDeploymentPostprocessing = 0;
		};
/* End PBXResourcesBuildPhase section */

/* Begin PBXSourcesBuildPhase section */
		B1DBA96A1D27BF58006BD6DC /* Sources */ = {
			isa = PBXSourcesBuildPhase;
			buildActionMask = 2147483647;
			files = (
				B1DBA9721D27BF58006BD6DC /* AppDelegate.swift in Sources */,
				9CBAB7E81D2DC4C3007716E7 /* PlanListViewController.swift in Sources */,
				9CBAB7EC1D2DC6D4007716E7 /* AppTint.swift in Sources */,
				B1DBA97A1D27BF58006BD6DC /* TimeLog.xcdatamodeld in Sources */,
				9C35A2441D2E8C420002C2FB /* PlanEditorViewController.swift in Sources */,
				9C95868D1D2878E600FE5873 /* ClockTools.swift in Sources */,
				B1DBA9BC1D27C105006BD6DC /* Plans+CoreDataProperties.swift in Sources */,
				B1DBA9B31D27BFF8006BD6DC /* CoreData.swift in Sources */,
				B1DBA9BD1D27C105006BD6DC /* Plans.swift in Sources */,
				9CBAB7EA1D2DC554007716E7 /* MenuViewController.swift in Sources */,
				B1DBA9BB1D27C105006BD6DC /* Logs.swift in Sources */,
				B1DBA9AE1D27BFF8006BD6DC /* InitDatas.swift in Sources */,
				B13065B91D2DFDCD00CCFE0E /* PlanListCell.swift in Sources */,
				B1DBA9BA1D27C105006BD6DC /* Logs+CoreDataProperties.swift in Sources */,
				B1DBA9AD1D27BFF8006BD6DC /* AppData.swift in Sources */,
				B13065BB1D2E008F00CCFE0E /* LayerDrawer.swift in Sources */,
				9CBAB7E61D2DC3FB007716E7 /* MenuBarView.swift in Sources */,
			);
			runOnlyForDeploymentPostprocessing = 0;
		};
/* End PBXSourcesBuildPhase section */

/* Begin PBXVariantGroup section */
		B1DBA9751D27BF58006BD6DC /* Main.storyboard */ = {
			isa = PBXVariantGroup;
			children = (
				B1DBA9761D27BF58006BD6DC /* Base */,
			);
			name = Main.storyboard;
			sourceTree = "<group>";
		};
		B1DBA97D1D27BF58006BD6DC /* LaunchScreen.storyboard */ = {
			isa = PBXVariantGroup;
			children = (
				B1DBA97E1D27BF58006BD6DC /* Base */,
			);
			name = LaunchScreen.storyboard;
			sourceTree = "<group>";
		};
/* End PBXVariantGroup section */

/* Begin XCBuildConfiguration section */
		B1DBA9811D27BF58006BD6DC /* Debug */ = {
			isa = XCBuildConfiguration;
			buildSettings = {
				ALWAYS_SEARCH_USER_PATHS = NO;
				CLANG_ANALYZER_NONNULL = YES;
				CLANG_CXX_LANGUAGE_STANDARD = "gnu++0x";
				CLANG_CXX_LIBRARY = "libc++";
				CLANG_ENABLE_MODULES = YES;
				CLANG_ENABLE_OBJC_ARC = YES;
				CLANG_WARN_BOOL_CONVERSION = YES;
				CLANG_WARN_CONSTANT_CONVERSION = YES;
				CLANG_WARN_DIRECT_OBJC_ISA_USAGE = YES_ERROR;
				CLANG_WARN_EMPTY_BODY = YES;
				CLANG_WARN_ENUM_CONVERSION = YES;
				CLANG_WARN_INT_CONVERSION = YES;
				CLANG_WARN_OBJC_ROOT_CLASS = YES_ERROR;
				CLANG_WARN_UNREACHABLE_CODE = YES;
				CLANG_WARN__DUPLICATE_METHOD_MATCH = YES;
				"CODE_SIGN_IDENTITY[sdk=iphoneos*]" = "iPhone Developer";
				COPY_PHASE_STRIP = NO;
				DEBUG_INFORMATION_FORMAT = dwarf;
				ENABLE_STRICT_OBJC_MSGSEND = YES;
				ENABLE_TESTABILITY = YES;
				GCC_C_LANGUAGE_STANDARD = gnu99;
				GCC_DYNAMIC_NO_PIC = NO;
				GCC_NO_COMMON_BLOCKS = YES;
				GCC_OPTIMIZATION_LEVEL = 0;
				GCC_PREPROCESSOR_DEFINITIONS = (
					"DEBUG=1",
					"$(inherited)",
				);
				GCC_WARN_64_TO_32_BIT_CONVERSION = YES;
				GCC_WARN_ABOUT_RETURN_TYPE = YES_ERROR;
				GCC_WARN_UNDECLARED_SELECTOR = YES;
				GCC_WARN_UNINITIALIZED_AUTOS = YES_AGGRESSIVE;
				GCC_WARN_UNUSED_FUNCTION = YES;
				GCC_WARN_UNUSED_VARIABLE = YES;
				IPHONEOS_DEPLOYMENT_TARGET = 9.3;
				MTL_ENABLE_DEBUG_INFO = YES;
				ONLY_ACTIVE_ARCH = YES;
				SDKROOT = iphoneos;
				SWIFT_OPTIMIZATION_LEVEL = "-Onone";
				TARGETED_DEVICE_FAMILY = "1,2";
			};
			name = Debug;
		};
		B1DBA9821D27BF58006BD6DC /* Release */ = {
			isa = XCBuildConfiguration;
			buildSettings = {
				ALWAYS_SEARCH_USER_PATHS = NO;
				CLANG_ANALYZER_NONNULL = YES;
				CLANG_CXX_LANGUAGE_STANDARD = "gnu++0x";
				CLANG_CXX_LIBRARY = "libc++";
				CLANG_ENABLE_MODULES = YES;
				CLANG_ENABLE_OBJC_ARC = YES;
				CLANG_WARN_BOOL_CONVERSION = YES;
				CLANG_WARN_CONSTANT_CONVERSION = YES;
				CLANG_WARN_DIRECT_OBJC_ISA_USAGE = YES_ERROR;
				CLANG_WARN_EMPTY_BODY = YES;
				CLANG_WARN_ENUM_CONVERSION = YES;
				CLANG_WARN_INT_CONVERSION = YES;
				CLANG_WARN_OBJC_ROOT_CLASS = YES_ERROR;
				CLANG_WARN_UNREACHABLE_CODE = YES;
				CLANG_WARN__DUPLICATE_METHOD_MATCH = YES;
				"CODE_SIGN_IDENTITY[sdk=iphoneos*]" = "iPhone Developer";
				COPY_PHASE_STRIP = NO;
				DEBUG_INFORMATION_FORMAT = "dwarf-with-dsym";
				ENABLE_NS_ASSERTIONS = NO;
				ENABLE_STRICT_OBJC_MSGSEND = YES;
				GCC_C_LANGUAGE_STANDARD = gnu99;
				GCC_NO_COMMON_BLOCKS = YES;
				GCC_WARN_64_TO_32_BIT_CONVERSION = YES;
				GCC_WARN_ABOUT_RETURN_TYPE = YES_ERROR;
				GCC_WARN_UNDECLARED_SELECTOR = YES;
				GCC_WARN_UNINITIALIZED_AUTOS = YES_AGGRESSIVE;
				GCC_WARN_UNUSED_FUNCTION = YES;
				GCC_WARN_UNUSED_VARIABLE = YES;
				IPHONEOS_DEPLOYMENT_TARGET = 9.3;
				MTL_ENABLE_DEBUG_INFO = NO;
				SDKROOT = iphoneos;
				TARGETED_DEVICE_FAMILY = "1,2";
				VALIDATE_PRODUCT = YES;
			};
			name = Release;
		};
		B1DBA9841D27BF58006BD6DC /* Debug */ = {
			isa = XCBuildConfiguration;
			buildSettings = {
				ASSETCATALOG_COMPILER_APPICON_NAME = AppIcon;
				INFOPLIST_FILE = TimeLog/Info.plist;
				LD_RUNPATH_SEARCH_PATHS = "$(inherited) @executable_path/Frameworks";
				PRODUCT_BUNDLE_IDENTIFIER = Myron.TimeLog;
				PRODUCT_NAME = "$(TARGET_NAME)";
			};
			name = Debug;
		};
		B1DBA9851D27BF58006BD6DC /* Release */ = {
			isa = XCBuildConfiguration;
			buildSettings = {
				ASSETCATALOG_COMPILER_APPICON_NAME = AppIcon;
				INFOPLIST_FILE = TimeLog/Info.plist;
				LD_RUNPATH_SEARCH_PATHS = "$(inherited) @executable_path/Frameworks";
				PRODUCT_BUNDLE_IDENTIFIER = Myron.TimeLog;
				PRODUCT_NAME = "$(TARGET_NAME)";
			};
			name = Release;
		};
/* End XCBuildConfiguration section */

/* Begin XCConfigurationList section */
		B1DBA9691D27BF58006BD6DC /* Build configuration list for PBXProject "TimeLog" */ = {
			isa = XCConfigurationList;
			buildConfigurations = (
				B1DBA9811D27BF58006BD6DC /* Debug */,
				B1DBA9821D27BF58006BD6DC /* Release */,
			);
			defaultConfigurationIsVisible = 0;
			defaultConfigurationName = Release;
		};
		B1DBA9831D27BF58006BD6DC /* Build configuration list for PBXNativeTarget "TimeLog" */ = {
			isa = XCConfigurationList;
			buildConfigurations = (
				B1DBA9841D27BF58006BD6DC /* Debug */,
				B1DBA9851D27BF58006BD6DC /* Release */,
			);
			defaultConfigurationIsVisible = 0;
			defaultConfigurationName = Release;
		};
/* End XCConfigurationList section */

/* Begin XCVersionGroup section */
		B1DBA9781D27BF58006BD6DC /* TimeLog.xcdatamodeld */ = {
			isa = XCVersionGroup;
			children = (
				B1DBA9791D27BF58006BD6DC /* TimeLog.xcdatamodel */,
			);
			currentVersion = B1DBA9791D27BF58006BD6DC /* TimeLog.xcdatamodel */;
			path = TimeLog.xcdatamodeld;
			sourceTree = "<group>";
			versionGroupType = wrapper.xcdatamodel;
		};
/* End XCVersionGroup section */
	};
	rootObject = B1DBA9661D27BF58006BD6DC /* Project object */;
}
